
Microsoft Visual Studio Solution File, Format Version 12.00
# Visual Studio 14
VisualStudioVersion = 14.0.24720.0
MinimumVisualStudioVersion = 10.0.40219.1
Project("{FAE04EC0-301F-11D3-BF4B-00C04F79EFBC}") = "otokhi-winform", "otokhi-winform\otokhi-winform.csproj", "{0E4B76D5-F6A1-4EA6-B5D3-06383672A125}"
EndProject
Project("{FAE04EC0-301F-11D3-BF4B-00C04F79EFBC}") = "ApiService", "ApiService\ApiService.csproj", "{2C93A94D-6608-4FF1-AF17-6293A2E3742E}"
EndProject
Global
	GlobalSection(SolutionConfigurationPlatforms) = preSolution
		Debug|Any CPU = Debug|Any CPU
		Release|Any CPU = Release|Any CPU
	EndGlobalSection
	GlobalSection(ProjectConfigurationPlatforms) = postSolution
		{0E4B76D5-F6A1-4EA6-B5D3-06383672A125}.Debug|Any CPU.ActiveCfg = Debug|Any CPU
		{0E4B76D5-F6A1-4EA6-B5D3-06383672A125}.Debug|Any CPU.Build.0 = Debug|Any CPU
		{0E4B76D5-F6A1-4EA6-B5D3-06383672A125}.Release|Any CPU.ActiveCfg = Release|Any CPU
		{0E4B76D5-F6A1-4EA6-B5D3-06383672A125}.Release|Any CPU.Build.0 = Release|Any CPU
		{2C93A94D-6608-4FF1-AF17-6293A2E3742E}.Debug|Any CPU.ActiveCfg = Debug|Any CPU
		{2C93A94D-6608-4FF1-AF17-6293A2E3742E}.Debug|Any CPU.Build.0 = Debug|Any CPU
		{2C93A94D-6608-4FF1-AF17-6293A2E3742E}.Release|Any CPU.ActiveCfg = Release|Any CPU
		{2C93A94D-6608-4FF1-AF17-6293A2E3742E}.Release|Any CPU.Build.0 = Release|Any CPU
	EndGlobalSection
	GlobalSection(SolutionProperties) = preSolution
		HideSolutionNode = FALSE
	EndGlobalSection
EndGlobal
